lockfileVersion: '9.0'

settings:
  autoInstallPeers: true
  excludeLinksFromLockfile: false

importers:

  .:
    dependencies:
      '@hpke/chacha20poly1305':
        specifier: 1.8.0
        version: 1.8.0
      '@hpke/core':
        specifier: 1.9.0
        version: 1.9.0
      '@hpke/hybridkem-x-wing':
        specifier: 0.7.0
        version: 0.7.0
      cbor:
        specifier: 10.0.12
        version: 10.0.12

packages:

  '@hpke/chacha20poly1305@1.8.0':
    resolution: {integrity: sha512-FcBfAQ+Y99vMNJP2yrZ9wpL8V0GOwp1+zMyzvc6alasrBygfFjFm1yeUtyADJCu/27C3Lm5mJzx6u7pwg+cX5w==}
    engines: {node: '>=16.0.0'}

  '@hpke/common@1.10.1':
    resolution: {integrity: sha512-moJwhmtLtuxiUzzNp1jpfBfx8yefKoO9D/RCR9dmwrnc7qjJqId1rEtQz+lSlU5cabX8daToMSx/7HayXOiaFw==}
    engines: {node: '>=16.0.0'}

  '@hpke/core@1.9.0':
    resolution: {integrity: sha512-pFxWl1nNJeQCSUFs7+GAblHvXBCjn9EPN65vdKlYQil2aURaRxfGMO6vBKGqm1YHTKwiAxJQNEI70PbSowMP9Q==}
    engines: {node: '>=16.0.0'}

  '@hpke/dhkem-x25519@1.8.0':
    resolution: {integrity: sha512-S1MWWkAfu+TFxySgv5+2P3O4Mx/jk7BsoplzQaA1s3sfUJVJ2UsZsSzSsMc+FXJumLXncoJFlO6mK6mDGspfmA==}
    engines: {node: '>=16.0.0'}

  '@hpke/hybridkem-x-wing@0.7.0':
    resolution: {integrity: sha512-95M8gJMperA4iWwHFgsEkmxjKcvAX8M4koheFnT85zXcqLL/vBh4597ucw2wLol6d2dC6gpKp9ZApL4d6hmDzA==}
    engines: {node: '>=16.0.0'}

  cbor@10.0.12:
    resolution: {integrity: sha512-exQDevYd7ZQLP4moMQcZkKCVZsXLAtUSflObr3xTh4xzFIv/xBCdvCd6L259kQOUP2kcTC0jvC6PpZIf/WmRXA==}
    engines: {node: '>=20'}

  mlkem@2.7.0:
    resolution: {integrity: sha512-I2bcB5d6jtkdan6MLGOxObpUbidqv0ej+PhbCGnXUqmcGYZ6X8F0qBpU6HE4mvYc81NSznBrVDp+Uc808Ba2RA==}
    engines: {node: '>=16.0.0'}

  nofilter@3.1.0:
    resolution: {integrity: sha512-l2NNj07e9afPnhAhvgVrCD/oy2Ai1yfLpuo3EpiO1jFTsB4sFz6oIfAfSZyQzVpkZQ9xS8ZS5g1jCBgq4Hwo0g==}
    engines: {node: '>=12.19'}

snapshots:

  '@hpke/chacha20poly1305@1.8.0':
    dependencies:
      '@hpke/common': 1.10.1

  '@hpke/common@1.10.1': {}

  '@hpke/core@1.9.0':
    dependencies:
      '@hpke/common': 1.10.1

  '@hpke/dhkem-x25519@1.8.0':
    dependencies:
      '@hpke/common': 1.10.1

  '@hpke/hybridkem-x-wing@0.7.0':
    dependencies:
      '@hpke/common': 1.10.1
      '@hpke/dhkem-x25519': 1.8.0
      mlkem: 2.7.0

  cbor@10.0.12:
    dependencies:
      nofilter: 3.1.0

  mlkem@2.7.0: {}

  nofilter@3.1.0: {}
